
Microsoft Visual Studio Solution File, Format Version 12.00
# Visual Studio Version 17
VisualStudioVersion = 17.2.32630.192
MinimumVisualStudioVersion = 10.0.40219.1
Project("{FAE04EC0-301F-11D3-BF4B-00C04F79EFBC}") = "CollectionsAssignment", "CollectionsAssignment.csproj", "{D1EAA647-1FCE-4443-B993-3F56BD6B1DFC}"
EndProject
Global
	GlobalSection(SolutionConfigurationPlatforms) = preSolution
		Debug|Any CPU = Debug|Any CPU
		Release|Any CPU = Release|Any CPU
	EndGlobalSection
	GlobalSection(ProjectConfigurationPlatforms) = postSolution
		{D1EAA647-1FCE-4443-B993-3F56BD6B1DFC}.Debug|Any CPU.ActiveCfg = Debug|Any CPU
		{D1EAA647-1FCE-4443-B993-3F56BD6B1DFC}.Debug|Any CPU.Build.0 = Debug|Any CPU
		{D1EAA647-1FCE-4443-B993-3F56BD6B1DFC}.Release|Any CPU.ActiveCfg = Release|Any CPU
		{D1EAA647-1FCE-4443-B993-3F56BD6B1DFC}.Release|Any CPU.Build.0 = Release|Any CPU
	EndGlobalSection
	GlobalSection(SolutionProperties) = preSolution
		HideSolutionNode = FALSE
	EndGlobalSection
	GlobalSection(ExtensibilityGlobals) = postSolution
		SolutionGuid = {5F80DE50-9861-45E2-8EE3-2DDDBD135AD7}
	EndGlobalSection
EndGlobal
