
Microsoft Visual Studio Solution File, Format Version 12.00
# Visual Studio Version 17
VisualStudioVersion = 17.2.32630.192
MinimumVisualStudioVersion = 10.0.40219.1
Project("{FAE04EC0-301F-11D3-BF4B-00C04F79EFBC}") = "Assignment1", "Assignment1.csproj", "{C4AAC316-0F56-4861-8F79-D8B88E658F94}"
EndProject
Global
	GlobalSection(SolutionConfigurationPlatforms) = preSolution
		Debug|Any CPU = Debug|Any CPU
		Release|Any CPU = Release|Any CPU
	EndGlobalSection
	GlobalSection(ProjectConfigurationPlatforms) = postSolution
		{C4AAC316-0F56-4861-8F79-D8B88E658F94}.Debug|Any CPU.ActiveCfg = Debug|Any CPU
		{C4AAC316-0F56-4861-8F79-D8B88E658F94}.Debug|Any CPU.Build.0 = Debug|Any CPU
		{C4AAC316-0F56-4861-8F79-D8B88E658F94}.Release|Any CPU.ActiveCfg = Release|Any CPU
		{C4AAC316-0F56-4861-8F79-D8B88E658F94}.Release|Any CPU.Build.0 = Release|Any CPU
	EndGlobalSection
	GlobalSection(SolutionProperties) = preSolution
		HideSolutionNode = FALSE
	EndGlobalSection
	GlobalSection(ExtensibilityGlobals) = postSolution
		SolutionGuid = {6FC4D1BD-F956-4B4A-BB63-1F1694D1C4C0}
	EndGlobalSection
EndGlobal
